
Microsoft Visual Studio Solution File, Format Version 12.00
# Visual Studio Version 17
VisualStudioVersion = 17.8.34525.116
MinimumVisualStudioVersion = 10.0.40219.1
Project("{9A19103F-16F7-4668-BE54-9A1E7A4F7556}") = "Algoritmos", "Algoritmos\Algoritmos.csproj", "{71862D4D-527B-44A0-B2A0-4AD0AABD74C3}"
EndProject
Project("{9A19103F-16F7-4668-BE54-9A1E7A4F7556}") = "Programa", "Programa\Programa.csproj", "{5A5F1311-8975-4477-84A6-65B082553713}"
EndProject
Project("{FAE04EC0-301F-11D3-BF4B-00C04F79EFBC}") = "TestPractica03", "TestPractica03\TestPractica03.csproj", "{B5D03F17-6DE4-49AF-AC26-DF40A712C7B8}"
EndProject
Global
	GlobalSection(SolutionConfigurationPlatforms) = preSolution
		Debug|Any CPU = Debug|Any CPU
		Release|Any CPU = Release|Any CPU
	EndGlobalSection
	GlobalSection(ProjectConfigurationPlatforms) = postSolution
		{71862D4D-527B-44A0-B2A0-4AD0AABD74C3}.Debug|Any CPU.ActiveCfg = Debug|Any CPU
		{71862D4D-527B-44A0-B2A0-4AD0AABD74C3}.Debug|Any CPU.Build.0 = Debug|Any CPU
		{71862D4D-527B-44A0-B2A0-4AD0AABD74C3}.Release|Any CPU.ActiveCfg = Release|Any CPU
		{71862D4D-527B-44A0-B2A0-4AD0AABD74C3}.Release|Any CPU.Build.0 = Release|Any CPU
		{5A5F1311-8975-4477-84A6-65B082553713}.Debug|Any CPU.ActiveCfg = Debug|Any CPU
		{5A5F1311-8975-4477-84A6-65B082553713}.Debug|Any CPU.Build.0 = Debug|Any CPU
		{5A5F1311-8975-4477-84A6-65B082553713}.Release|Any CPU.ActiveCfg = Release|Any CPU
		{5A5F1311-8975-4477-84A6-65B082553713}.Release|Any CPU.Build.0 = Release|Any CPU
		{B5D03F17-6DE4-49AF-AC26-DF40A712C7B8}.Debug|Any CPU.ActiveCfg = Debug|Any CPU
		{B5D03F17-6DE4-49AF-AC26-DF40A712C7B8}.Debug|Any CPU.Build.0 = Debug|Any CPU
		{B5D03F17-6DE4-49AF-AC26-DF40A712C7B8}.Release|Any CPU.ActiveCfg = Release|Any CPU
		{B5D03F17-6DE4-49AF-AC26-DF40A712C7B8}.Release|Any CPU.Build.0 = Release|Any CPU
	EndGlobalSection
	GlobalSection(SolutionProperties) = preSolution
		HideSolutionNode = FALSE
	EndGlobalSection
	GlobalSection(ExtensibilityGlobals) = postSolution
		SolutionGuid = {EBCF2995-5FD3-48C5-BC7C-585045632F15}
	EndGlobalSection
EndGlobal
